#MicroXplorer Configuration settings - do not modify
ADC1.Channel-0\#ChannelRegularConversion=ADC_CHANNEL_4
ADC1.IPParameters=Rank-0\#ChannelRegularConversion,Channel-0\#ChannelRegularConversion,SamplingTime-0\#ChannelRegularConversion,NbrOfConversionFlag,master
ADC1.NbrOfConversionFlag=1
ADC1.Rank-0\#ChannelRegularConversion=1
ADC1.SamplingTime-0\#ChannelRegularConversion=ADC_SAMPLETIME_1CYCLE_5
ADC1.master=1
CAN1.CalculateTimeBit=1846
CAN1.CalculateTimeQuantum=615.3846153846154
CAN1.IPParameters=CalculateTimeQuantum,CalculateTimeBit
ETH.IPParameters=MediaInterface
ETH.MediaInterface=ETH_MEDIA_INTERFACE_MII
File.Version=6
KeepUserPlacement=false
Mcu.Family=STM32F1
Mcu.IP0=ADC1
Mcu.IP1=CAN1
Mcu.IP2=ETH
Mcu.IP3=I2C1
Mcu.IP4=NVIC
Mcu.IP5=RCC
Mcu.IP6=SPI1
Mcu.IP7=SYS
Mcu.IP8=TIM3
Mcu.IPNb=9
Mcu.Name=STM32F107V(B-C)Tx
Mcu.Package=LQFP100
Mcu.Pin0=PC1
Mcu.Pin1=PC2
Mcu.Pin10=PB13
Mcu.Pin11=PD8
Mcu.Pin12=PD9
Mcu.Pin13=PD10
Mcu.Pin14=PD11
Mcu.Pin15=PD12
Mcu.Pin16=PC8
Mcu.Pin17=PC9
Mcu.Pin18=PA11
Mcu.Pin19=PA12
Mcu.Pin2=PC3
Mcu.Pin20=PD0
Mcu.Pin21=PD1
Mcu.Pin22=PD2
Mcu.Pin23=PD3
Mcu.Pin24=PD4
Mcu.Pin25=PD5
Mcu.Pin26=PB3
Mcu.Pin27=PB4
Mcu.Pin28=PB5
Mcu.Pin29=PB6
Mcu.Pin3=PA0-WKUP
Mcu.Pin30=PB7
Mcu.Pin31=PB8
Mcu.Pin32=VP_SYS_VS_ND
Mcu.Pin33=VP_SYS_VS_Systick
Mcu.Pin34=VP_TIM3_VS_ClockSourceINT
Mcu.Pin4=PA1
Mcu.Pin5=PA2
Mcu.Pin6=PA3
Mcu.Pin7=PA4
Mcu.Pin8=PB11
Mcu.Pin9=PB12
Mcu.PinsNb=35
Mcu.UserConstants=
Mcu.UserName=STM32F107VCTx
MxCube.Version=4.22.1
MxDb.Version=DB.4.0.221
NVIC.BusFault_IRQn=true\:0\:0\:false\:false\:true\:false
NVIC.DebugMonitor_IRQn=true\:0\:0\:false\:false\:true\:false
NVIC.HardFault_IRQn=true\:0\:0\:false\:false\:true\:false
NVIC.MemoryManagement_IRQn=true\:0\:0\:false\:false\:true\:false
NVIC.NonMaskableInt_IRQn=true\:0\:0\:false\:false\:true\:false
NVIC.PendSV_IRQn=true\:0\:0\:false\:false\:true\:false
NVIC.PriorityGroup=NVIC_PRIORITYGROUP_4
NVIC.SVCall_IRQn=true\:0\:0\:false\:false\:true\:false
NVIC.SysTick_IRQn=true\:0\:0\:false\:false\:true\:false
NVIC.UsageFault_IRQn=true\:0\:0\:false\:false\:true\:false
PA0-WKUP.Mode=MII
PA0-WKUP.Signal=ETH_CRS
PA1.Mode=MII
PA1.Signal=ETH_RX_CLK
PA11.Mode=Master
PA11.Signal=CAN1_RX
PA12.Mode=Master
PA12.Signal=CAN1_TX
PA2.Mode=MII
PA2.Signal=ETH_MDIO
PA3.Mode=MII
PA3.Signal=ETH_COL
PA4.GPIOParameters=GPIO_Label
PA4.GPIO_Label=FOTO_TRAN
PA4.Locked=true
PA4.Signal=ADCx_IN4
PB11.Mode=MII
PB11.Signal=ETH_TX_EN
PB12.Mode=MII
PB12.Signal=ETH_TXD0
PB13.Mode=MII
PB13.Signal=ETH_TXD1
PB3.Locked=true
PB3.Mode=RX_Only_Simplex_Unidirect_Master
PB3.Signal=SPI1_SCK
PB4.Locked=true
PB4.Mode=RX_Only_Simplex_Unidirect_Master
PB4.Signal=SPI1_MISO
PB5.GPIOParameters=GPIO_Label
PB5.GPIO_Label=SPI1_SELECT
PB5.Locked=true
PB5.Signal=GPIO_Input
PB6.Mode=I2C
PB6.Signal=I2C1_SCL
PB7.Mode=I2C
PB7.Signal=I2C1_SDA
PB8.Mode=MII
PB8.Signal=ETH_TXD3
PC1.Mode=MII
PC1.Signal=ETH_MDC
PC2.Mode=MII
PC2.Signal=ETH_TXD2
PC3.Mode=MII
PC3.Signal=ETH_TX_CLK
PC8.GPIOParameters=GPIO_Label
PC8.GPIO_Label=PWM_IR
PC8.Locked=true
PC8.Signal=S_TIM3_CH3
PC9.GPIOParameters=GPIO_Label
PC9.GPIO_Label=PWM_LED
PC9.Locked=true
PC9.Signal=S_TIM3_CH4
PCC.Checker=false
PCC.Line=STM32F105/107
PCC.MCU=STM32F107V(B-C)Tx
PCC.PartNumber=STM32F107VCTx
PCC.Seq0=0
PCC.Series=STM32F1
PCC.Temperature=25
PCC.Vdd=3.3
PD0.GPIOParameters=GPIO_Label
PD0.GPIO_Label=GPIO_IN1
PD0.Locked=true
PD0.Signal=GPIO_Input
PD1.GPIOParameters=GPIO_Label
PD1.GPIO_Label=GPIO_IN2
PD1.Locked=true
PD1.Signal=GPIO_Input
PD10.Mode=MII
PD10.Signal=ETH_RXD1
PD11.Mode=MII
PD11.Signal=ETH_RXD2
PD12.Mode=MII
PD12.Signal=ETH_RXD3
PD2.GPIOParameters=GPIO_Label
PD2.GPIO_Label=GPIO_IN3
PD2.Locked=true
PD2.Signal=GPIO_Input
PD3.GPIOParameters=GPIO_Label
PD3.GPIO_Label=GPIO_OUT1
PD3.Locked=true
PD3.Signal=GPIO_Output
PD4.GPIOParameters=GPIO_Label
PD4.GPIO_Label=GPIO_OUT2
PD4.Locked=true
PD4.Signal=GPIO_Output
PD5.GPIOParameters=GPIO_Label
PD5.GPIO_Label=GPIO_OUT3
PD5.Locked=true
PD5.Signal=GPIO_Output
PD8.Mode=MII
PD8.Signal=ETH_RX_DV
PD9.Mode=MII
PD9.Signal=ETH_RXD0
PinOutPanel.RotationAngle=0
RCC.ADCFreqValue=13000000
RCC.AHBFreq_Value=26000000
RCC.APB1Freq_Value=26000000
RCC.APB1TimFreq_Value=26000000
RCC.APB2Freq_Value=26000000
RCC.APB2TimFreq_Value=26000000
RCC.FCLKCortexFreq_Value=26000000
RCC.FamilyName=M
RCC.HCLKFreq_Value=26000000
RCC.I2S2Freq_Value=26000000
RCC.I2S3Freq_Value=26000000
RCC.IPParameters=ADCFreqValue,AHBFreq_Value,APB1Freq_Value,APB1TimFreq_Value,APB2Freq_Value,APB2TimFreq_Value,FCLKCortexFreq_Value,FamilyName,HCLKFreq_Value,I2S2Freq_Value,I2S3Freq_Value,MCOFreq_Value,PLLCLKFreq_Value,PLLMUL,SYSCLKFreq_VALUE,SYSCLKSource,TimSysFreq_Value,USBFreq_Value
RCC.MCOFreq_Value=26000000
RCC.PLLCLKFreq_Value=26000000
RCC.PLLMUL=RCC_PLL_MUL6_5
RCC.SYSCLKFreq_VALUE=26000000
RCC.SYSCLKSource=RCC_SYSCLKSOURCE_PLLCLK
RCC.TimSysFreq_Value=26000000
RCC.USBFreq_Value=17333333.333333332
SH.ADCx_IN4.0=ADC1_IN4,IN4
SH.ADCx_IN4.ConfNb=1
SH.S_TIM3_CH3.0=TIM3_CH3,PWM Generation3 CH3
SH.S_TIM3_CH3.ConfNb=1
SH.S_TIM3_CH4.0=TIM3_CH4,PWM Generation4 CH4
SH.S_TIM3_CH4.ConfNb=1
SPI1.CalculateBaudRate=13.0 MBits/s
SPI1.Direction=SPI_DIRECTION_2LINES_RXONLY
SPI1.IPParameters=VirtualType,Mode,Direction,CalculateBaudRate
SPI1.Mode=SPI_MODE_MASTER
SPI1.VirtualType=VM_MASTER
TIM3.Channel-PWM\ Generation3\ CH3=TIM_CHANNEL_3
TIM3.Channel-PWM\ Generation4\ CH4=TIM_CHANNEL_4
TIM3.IPParameters=Channel-PWM Generation4 CH4,Channel-PWM Generation3 CH3
VP_SYS_VS_ND.Mode=No_Debug
VP_SYS_VS_ND.Signal=SYS_VS_ND
VP_SYS_VS_Systick.Mode=SysTick
VP_SYS_VS_Systick.Signal=SYS_VS_Systick
VP_TIM3_VS_ClockSourceINT.Mode=Internal
VP_TIM3_VS_ClockSourceINT.Signal=TIM3_VS_ClockSourceINT
